
Microsoft Visual Studio Solution File, Format Version 12.00
# Visual Studio Version 16
VisualStudioVersion = 16.0.31613.86
MinimumVisualStudioVersion = 10.0.40219.1
Project("{FAE04EC0-301F-11D3-BF4B-00C04F79EFBC}") = "Method", "Method.csproj", "{F06C0CFE-3042-4E16-9838-CF8193BAF232}"
EndProject
Global
	GlobalSection(SolutionConfigurationPlatforms) = preSolution
		Debug|Any CPU = Debug|Any CPU
		Release|Any CPU = Release|Any CPU
	EndGlobalSection
	GlobalSection(ProjectConfigurationPlatforms) = postSolution
		{F06C0CFE-3042-4E16-9838-CF8193BAF232}.Debug|Any CPU.ActiveCfg = Debug|Any CPU
		{F06C0CFE-3042-4E16-9838-CF8193BAF232}.Debug|Any CPU.Build.0 = Debug|Any CPU
		{F06C0CFE-3042-4E16-9838-CF8193BAF232}.Release|Any CPU.ActiveCfg = Release|Any CPU
		{F06C0CFE-3042-4E16-9838-CF8193BAF232}.Release|Any CPU.Build.0 = Release|Any CPU
	EndGlobalSection
	GlobalSection(SolutionProperties) = preSolution
		HideSolutionNode = FALSE
	EndGlobalSection
	GlobalSection(ExtensibilityGlobals) = postSolution
		SolutionGuid = {95712D8A-F9BD-43A9-9BAF-EC495BFDA09C}
	EndGlobalSection
EndGlobal
