
Microsoft Visual Studio Solution File, Format Version 12.00
# Visual Studio Version 16
VisualStudioVersion = 16.0.31613.86
MinimumVisualStudioVersion = 10.0.40219.1
Project("{FAE04EC0-301F-11D3-BF4B-00C04F79EFBC}") = "ClassObject", "ClassObject.csproj", "{C9DBE286-74D5-4838-BE82-2E5A03A328F2}"
EndProject
Global
	GlobalSection(SolutionConfigurationPlatforms) = preSolution
		Debug|Any CPU = Debug|Any CPU
		Release|Any CPU = Release|Any CPU
	EndGlobalSection
	GlobalSection(ProjectConfigurationPlatforms) = postSolution
		{C9DBE286-74D5-4838-BE82-2E5A03A328F2}.Debug|Any CPU.ActiveCfg = Debug|Any CPU
		{C9DBE286-74D5-4838-BE82-2E5A03A328F2}.Debug|Any CPU.Build.0 = Debug|Any CPU
		{C9DBE286-74D5-4838-BE82-2E5A03A328F2}.Release|Any CPU.ActiveCfg = Release|Any CPU
		{C9DBE286-74D5-4838-BE82-2E5A03A328F2}.Release|Any CPU.Build.0 = Release|Any CPU
	EndGlobalSection
	GlobalSection(SolutionProperties) = preSolution
		HideSolutionNode = FALSE
	EndGlobalSection
	GlobalSection(ExtensibilityGlobals) = postSolution
		SolutionGuid = {DD6D573C-0F83-44A0-BFAF-69376D34909E}
	EndGlobalSection
EndGlobal
